
Microsoft Visual Studio Solution File, Format Version 12.00
# Visual Studio Version 17
VisualStudioVersion = 17.0.31612.314
MinimumVisualStudioVersion = 10.0.40219.1
Project("{9A19103F-16F7-4668-BE54-9A1E7A4F7556}") = "MinApiMongoDb", "MinApiMongoDb.csproj", "{22FF7A46-72A2-430E-BF6C-78B3B4547C01}"
EndProject
Global
	GlobalSection(SolutionConfigurationPlatforms) = preSolution
		Debug|Any CPU = Debug|Any CPU
		Release|Any CPU = Release|Any CPU
	EndGlobalSection
	GlobalSection(ProjectConfigurationPlatforms) = postSolution
		{22FF7A46-72A2-430E-BF6C-78B3B4547C01}.Debug|Any CPU.ActiveCfg = Debug|Any CPU
		{22FF7A46-72A2-430E-BF6C-78B3B4547C01}.Debug|Any CPU.Build.0 = Debug|Any CPU
		{22FF7A46-72A2-430E-BF6C-78B3B4547C01}.Release|Any CPU.ActiveCfg = Release|Any CPU
		{22FF7A46-72A2-430E-BF6C-78B3B4547C01}.Release|Any CPU.Build.0 = Release|Any CPU
	EndGlobalSection
	GlobalSection(SolutionProperties) = preSolution
		HideSolutionNode = FALSE
	EndGlobalSection
	GlobalSection(ExtensibilityGlobals) = postSolution
		SolutionGuid = {841F5F0F-32E9-470E-849A-5F4BC46A5A54}
	EndGlobalSection
EndGlobal
